Microsoft Visual Studio Solution File, Format Version 12.00
# Visual Studio Version 17
VisualStudioVersion = 17.5.2.0
MinimumVisualStudioVersion = 10.0.40219.1
Project("{FAE04EC0-301F-11D3-BF4B-00C04F79EFBC}") = "BaiThucHanhSo4", "BaiThucHanhSo4.csproj", "{062AD928-C14F-5E4C-2314-788F3931AE05}"
EndProject
Global
	GlobalSection(SolutionConfigurationPlatforms) = preSolution
		Debug|Any CPU = Debug|Any CPU
		Release|Any CPU = Release|Any CPU
	EndGlobalSection
	GlobalSection(ProjectConfigurationPlatforms) = postSolution
		{062AD928-C14F-5E4C-2314-788F3931AE05}.Debug|Any CPU.ActiveCfg = Debug|Any CPU
		{062AD928-C14F-5E4C-2314-788F3931AE05}.Debug|Any CPU.Build.0 = Debug|Any CPU
		{062AD928-C14F-5E4C-2314-788F3931AE05}.Release|Any CPU.ActiveCfg = Release|Any CPU
		{062AD928-C14F-5E4C-2314-788F3931AE05}.Release|Any CPU.Build.0 = Release|Any CPU
	EndGlobalSection
	GlobalSection(SolutionProperties) = preSolution
		HideSolutionNode = FALSE
	EndGlobalSection
	GlobalSection(ExtensibilityGlobals) = postSolution
		SolutionGuid = {08598573-1E11-4656-9FB0-DA844E3A7364}
	EndGlobalSection
EndGlobal
